// !$*UTF8*$!
{
	archiveVersion = 1;
	classes = {
	};
	objectVersion = 46;
	objects = {

/* Begin PBXBuildFile section */
		4519115C19947E8E00427450 /* MMViewController.m in Sources */ = {isa = PBXBuildFile; fileRef = 4519115B19947E8E00427450 /* MMViewController.m */; };
		4519115D19947E8E00427450 /* MMViewController.m in Sources */ = {isa = PBXBuildFile; fileRef = 4519115B19947E8E00427450 /* MMViewController.m */; };
		45217DFB197F7A2A00A4ECA2 /* main.m in Sources */ = {isa = PBXBuildFile; fileRef = 45217DFA197F7A2A00A4ECA2 /* main.m */; };
		45217DFE197F7A2A00A4ECA2 /* AppDelegate.m in Sources */ = {isa = PBXBuildFile; fileRef = 45217DFD197F7A2A00A4ECA2 /* AppDelegate.m */; };
		45217E04197F7A2A00A4ECA2 /* Main.storyboard in Resources */ = {isa = PBXBuildFile; fileRef = 45217E02197F7A2A00A4ECA2 /* Main.storyboard */; };
		45217E06197F7A2A00A4ECA2 /* Images.xcassets in Resources */ = {isa = PBXBuildFile; fileRef = 45217E05197F7A2A00A4ECA2 /* Images.xcassets */; };
		45217E12197F7A2B00A4ECA2 /* Morning_MantraTests.m in Sources */ = {isa = PBXBuildFile; fileRef = 45217E11197F7A2B00A4ECA2 /* Morning_MantraTests.m */; };
		452227BE1AE5CF6F00DCB0E3 /* MMTableViewCell.xib in Resources */ = {isa = PBXBuildFile; fileRef = 452227BD1AE5CF6F00DCB0E3 /* MMTableViewCell.xib */; };
		452227C11AE5D5BB00DCB0E3 /* MMNotificationController.m in Sources */ = {isa = PBXBuildFile; fileRef = 452227C01AE5D5BB00DCB0E3 /* MMNotificationController.m */; };
		459AE6EE1AE486D400823097 /* Launch Screen.xib in Resources */ = {isa = PBXBuildFile; fileRef = 459AE6ED1AE486D400823097 /* Launch Screen.xib */; };
		459AE6F11AE487AD00823097 /* MMTableViewCell.m in Sources */ = {isa = PBXBuildFile; fileRef = 459AE6F01AE487AD00823097 /* MMTableViewCell.m */; };
		45F33E1C197F7FEB003542CF /* Crashlytics.framework in Frameworks */ = {isa = PBXBuildFile; fileRef = 45F33E1B197F7FEB003542CF /* Crashlytics.framework */; };
		45F33E2F197F8392003542CF /* MMDataStoreController.m in Sources */ = {isa = PBXBuildFile; fileRef = 45F33E2E197F8392003542CF /* MMDataStoreController.m */; };
		45F33E30197F8392003542CF /* MMDataStoreController.m in Sources */ = {isa = PBXBuildFile; fileRef = 45F33E2E197F8392003542CF /* MMDataStoreController.m */; };
		45F33E33197F883E003542CF /* NSURL+MMExtended.m in Sources */ = {isa = PBXBuildFile; fileRef = 45F33E32197F883E003542CF /* NSURL+MMExtended.m */; };
		45F33E34197F883E003542CF /* NSURL+MMExtended.m in Sources */ = {isa = PBXBuildFile; fileRef = 45F33E32197F883E003542CF /* NSURL+MMExtended.m */; };
		45F33E37197F9B9D003542CF /* MMConstants.m in Sources */ = {isa = PBXBuildFile; fileRef = 45F33E36197F9B9D003542CF /* MMConstants.m */; };
		72DDC4D54A884103B3E2A6E2 /* libPods.a in Frameworks */ = {isa = PBXBuildFile; fileRef = 42D7B5EB163E479986B62F9C /* libPods.a */; };
/* End PBXBuildFile section */

/* Begin PBXContainerItemProxy section */
		45217E0C197F7A2B00A4ECA2 /* PBXContainerItemProxy */ = {
			isa = PBXContainerItemProxy;
			containerPortal = 45217DED197F7A2A00A4ECA2 /* Project object */;
			proxyType = 1;
			remoteGlobalIDString = 45217DF4197F7A2A00A4ECA2;
			remoteInfo = "Morning Mantra";
		};
/* End PBXContainerItemProxy section */

/* Begin PBXFileReference section */
		42D7B5EB163E479986B62F9C /* libPods.a */ = {isa = PBXFileReference; explicitFileType = archive.ar; includeInIndex = 0; path = libPods.a; sourceTree = BUILT_PRODUCTS_DIR; };
		450A5F6A1996896E00CC994D /* Parse.framework */ = {isa = PBXFileReference; lastKnownFileType = wrapper.framework; path = Parse.framework; sourceTree = "<group>"; };
		450A5F6C199689BF00CC994D /* AudioToolbox.framework */ = {isa = PBXFileReference; lastKnownFileType = wrapper.framework; name = AudioToolbox.framework; path = System/Library/Frameworks/AudioToolbox.framework; sourceTree = SDKROOT; };
		450A5F6D199689BF00CC994D /* CFNetwork.framework */ = {isa = PBXFileReference; lastKnownFileType = wrapper.framework; name = CFNetwork.framework; path = System/Library/Frameworks/CFNetwork.framework; sourceTree = SDKROOT; };
		450A5F6E199689BF00CC994D /* CoreGraphics.framework */ = {isa = PBXFileReference; lastKnownFileType = wrapper.framework; name = CoreGraphics.framework; path = System/Library/Frameworks/CoreGraphics.framework; sourceTree = SDKROOT; };
		450A5F6F199689BF00CC994D /* CoreLocation.framework */ = {isa = PBXFileReference; lastKnownFileType = wrapper.framework; name = CoreLocation.framework; path = System/Library/Frameworks/CoreLocation.framework; sourceTree = SDKROOT; };
		450A5F70199689BF00CC994D /* libz.dylib */ = {isa = PBXFileReference; lastKnownFileType = "compiled.mach-o.dylib"; name = libz.dylib; path = usr/lib/libz.dylib; sourceTree = SDKROOT; };
		450A5F71199689BF00CC994D /* MobileCoreServices.framework */ = {isa = PBXFileReference; lastKnownFileType = wrapper.framework; name = MobileCoreServices.framework; path = System/Library/Frameworks/MobileCoreServices.framework; sourceTree = SDKROOT; };
		450A5F72199689BF00CC994D /* QuartzCore.framework */ = {isa = PBXFileReference; lastKnownFileType = wrapper.framework; name = QuartzCore.framework; path = System/Library/Frameworks/QuartzCore.framework; sourceTree = SDKROOT; };
		450A5F73199689BF00CC994D /* Security.framework */ = {isa = PBXFileReference; lastKnownFileType = wrapper.framework; name = Security.framework; path = System/Library/Frameworks/Security.framework; sourceTree = SDKROOT; };
		450A5F75199689BF00CC994D /* SystemConfiguration.framework */ = {isa = PBXFileReference; lastKnownFileType = wrapper.framework; name = SystemConfiguration.framework; path = System/Library/Frameworks/SystemConfiguration.framework; sourceTree = SDKROOT; };
		4519115A19947E8E00427450 /* MMViewController.h */ = {isa = PBXFileReference; fileEncoding = 4; lastKnownFileType = sourcecode.c.h; path = MMViewController.h; sourceTree = "<group>"; };
		4519115B19947E8E00427450 /* MMViewController.m */ = {isa = PBXFileReference; fileEncoding = 4; lastKnownFileType = sourcecode.c.objc; path = MMViewController.m; sourceTree = "<group>"; };
		45217DF5197F7A2A00A4ECA2 /* Morning Mantra.app */ = {isa = PBXFileReference; explicitFileType = wrapper.application; includeInIndex = 0; path = "Morning Mantra.app"; sourceTree = BUILT_PRODUCTS_DIR; };
		45217DF9197F7A2A00A4ECA2 /* Info.plist */ = {isa = PBXFileReference; lastKnownFileType = text.plist.xml; path = Info.plist; sourceTree = "<group>"; };
		45217DFA197F7A2A00A4ECA2 /* main.m */ = {isa = PBXFileReference; lastKnownFileType = sourcecode.c.objc; path = main.m; sourceTree = "<group>"; };
		45217DFC197F7A2A00A4ECA2 /* AppDelegate.h */ = {isa = PBXFileReference; lastKnownFileType = sourcecode.c.h; path = AppDelegate.h; sourceTree = "<group>"; };
		45217DFD197F7A2A00A4ECA2 /* AppDelegate.m */ = {isa = PBXFileReference; lastKnownFileType = sourcecode.c.objc; path = AppDelegate.m; sourceTree = "<group>"; };
		45217E03197F7A2A00A4ECA2 /* Base */ = {isa = PBXFileReference; lastKnownFileType = file.storyboard; name = Base; path = Base.lproj/Main.storyboard; sourceTree = "<group>"; };
		45217E05197F7A2A00A4ECA2 /* Images.xcassets */ = {isa = PBXFileReference; lastKnownFileType = folder.assetcatalog; path = Images.xcassets; sourceTree = "<group>"; };
		45217E0B197F7A2B00A4ECA2 /* Morning MantraTests.xctest */ = {isa = PBXFileReference; explicitFileType = wrapper.cfbundle; includeInIndex = 0; path = "Morning MantraTests.xctest"; sourceTree = BUILT_PRODUCTS_DIR; };
		45217E10197F7A2B00A4ECA2 /* Info.plist */ = {isa = PBXFileReference; lastKnownFileType = text.plist.xml; path = Info.plist; sourceTree = "<group>"; };
		45217E11197F7A2B00A4ECA2 /* Morning_MantraTests.m */ = {isa = PBXFileReference; lastKnownFileType = sourcecode.c.objc; path = Morning_MantraTests.m; sourceTree = "<group>"; };
		452227971AE5933400DCB0E3 /* Accounts.framework */ = {isa = PBXFileReference; lastKnownFileType = wrapper.framework; name = Accounts.framework; path = System/Library/Frameworks/Accounts.framework; sourceTree = SDKROOT; };
		452227991AE5934500DCB0E3 /* Social.framework */ = {isa = PBXFileReference; lastKnownFileType = wrapper.framework; name = Social.framework; path = System/Library/Frameworks/Social.framework; sourceTree = SDKROOT; };
		4522279B1AE59D4F00DCB0E3 /* FBAudienceNetwork.framework */ = {isa = PBXFileReference; lastKnownFileType = wrapper.framework; name = FBAudienceNetwork.framework; path = ../../../../../../Documents/FacebookSDK/FBAudienceNetwork.framework; sourceTree = "<group>"; };
		4522279C1AE59D4F00DCB0E3 /* FBSDKMessengerShareKit.framework */ = {isa = PBXFileReference; lastKnownFileType = wrapper.framework; name = FBSDKMessengerShareKit.framework; path = ../../../../../../Documents/FacebookSDK/FBSDKMessengerShareKit.framework; sourceTree = "<group>"; };
		4522279D1AE59D4F00DCB0E3 /* Bolts.framework */ = {isa = PBXFileReference; lastKnownFileType = wrapper.framework; name = Bolts.framework; path = ../../../../../../Documents/FacebookSDK/Bolts.framework; sourceTree = "<group>"; };
		4522279E1AE59D4F00DCB0E3 /* FBSDKCoreKit.framework */ = {isa = PBXFileReference; lastKnownFileType = wrapper.framework; name = FBSDKCoreKit.framework; path = ../../../../../../Documents/FacebookSDK/FBSDKCoreKit.framework; sourceTree = "<group>"; };
		4522279F1AE59D4F00DCB0E3 /* FBSDKLoginKit.framework */ = {isa = PBXFileReference; lastKnownFileType = wrapper.framework; name = FBSDKLoginKit.framework; path = ../../../../../../Documents/FacebookSDK/FBSDKLoginKit.framework; sourceTree = "<group>"; };
		452227A01AE59D4F00DCB0E3 /* FBSDKShareKit.framework */ = {isa = PBXFileReference; lastKnownFileType = wrapper.framework; name = FBSDKShareKit.framework; path = ../../../../../../Documents/FacebookSDK/FBSDKShareKit.framework; sourceTree = "<group>"; };
		452227A71AE59EB500DCB0E3 /* libsqlite3.dylib */ = {isa = PBXFileReference; lastKnownFileType = "compiled.mach-o.dylib"; name = libsqlite3.dylib; path = usr/lib/libsqlite3.dylib; sourceTree = SDKROOT; };
		452227AA1AE5A8F800DCB0E3 /* Bolts.framework */ = {isa = PBXFileReference; lastKnownFileType = wrapper.framework; name = Bolts.framework; path = "../../../../../../Downloads/parse-library-1/Bolts.framework"; sourceTree = "<group>"; };
		452227AB1AE5A8F800DCB0E3 /* Parse.framework */ = {isa = PBXFileReference; lastKnownFileType = wrapper.framework; name = Parse.framework; path = "../../../../../../Downloads/parse-library-1/Parse.framework"; sourceTree = "<group>"; };
		452227AC1AE5A8F800DCB0E3 /* ParseCrashReporting.framework */ = {isa = PBXFileReference; lastKnownFileType = wrapper.framework; name = ParseCrashReporting.framework; path = "../../../../../../Downloads/parse-library-1/ParseCrashReporting.framework"; sourceTree = "<group>"; };
		452227AD1AE5A8F800DCB0E3 /* ParseFacebookUtils.framework */ = {isa = PBXFileReference; lastKnownFileType = wrapper.framework; name = ParseFacebookUtils.framework; path = "../../../../../../Downloads/parse-library-1/ParseFacebookUtils.framework"; sourceTree = "<group>"; };
		452227AE1AE5A8F800DCB0E3 /* ParseUI.framework */ = {isa = PBXFileReference; lastKnownFileType = wrapper.framework; name = ParseUI.framework; path = "../../../../../../Downloads/parse-library-1/ParseUI.framework"; sourceTree = "<group>"; };
		452227B81AE5AA4A00DCB0E3 /* ParseFacebookUtilsV4.framework */ = {isa = PBXFileReference; lastKnownFileType = wrapper.framework; name = ParseFacebookUtilsV4.framework; path = "../../../../../../Downloads/parse-library-1/ParseFacebookUtilsV4.framework"; sourceTree = "<group>"; };
		452227BD1AE5CF6F00DCB0E3 /* MMTableViewCell.xib */ = {isa = PBXFileReference; fileEncoding = 4; lastKnownFileType = file.xib; path = MMTableViewCell.xib; sourceTree = "<group>"; };
		452227BF1AE5D5BB00DCB0E3 /* MMNotificationController.h */ = {isa = PBXFileReference; fileEncoding = 4; lastKnownFileType = sourcecode.c.h; path = MMNotificationController.h; sourceTree = "<group>"; };
		452227C01AE5D5BB00DCB0E3 /* MMNotificationController.m */ = {isa = PBXFileReference; fileEncoding = 4; lastKnownFileType = sourcecode.c.objc; path = MMNotificationController.m; sourceTree = "<group>"; };
		459AE6ED1AE486D400823097 /* Launch Screen.xib */ = {isa = PBXFileReference; fileEncoding = 4; lastKnownFileType = file.xib; path = "Launch Screen.xib"; sourceTree = "<group>"; };
		459AE6EF1AE487AD00823097 /* MMTableViewCell.h */ = {isa = PBXFileReference; fileEncoding = 4; lastKnownFileType = sourcecode.c.h; path = MMTableViewCell.h; sourceTree = "<group>"; };
		459AE6F01AE487AD00823097 /* MMTableViewCell.m */ = {isa = PBXFileReference; fileEncoding = 4; lastKnownFileType = sourcecode.c.objc; path = MMTableViewCell.m; sourceTree = "<group>"; };
		45F33E1B197F7FEB003542CF /* Crashlytics.framework */ = {isa = PBXFileReference; lastKnownFileType = wrapper.framework; name = Crashlytics.framework; path = ../Crashlytics.framework; sourceTree = "<group>"; };
		45F33E2D197F8392003542CF /* MMDataStoreController.h */ = {isa = PBXFileReference; fileEncoding = 4; lastKnownFileType = sourcecode.c.h; path = MMDataStoreController.h; sourceTree = "<group>"; };
		45F33E2E197F8392003542CF /* MMDataStoreController.m */ = {isa = PBXFileReference; fileEncoding = 4; lastKnownFileType = sourcecode.c.objc; path = MMDataStoreController.m; sourceTree = "<group>"; };
		45F33E31197F883E003542CF /* NSURL+MMExtended.h */ = {isa = PBXFileReference; fileEncoding = 4; lastKnownFileType = sourcecode.c.h; path = "NSURL+MMExtended.h"; sourceTree = "<group>"; };
		45F33E32197F883E003542CF /* NSURL+MMExtended.m */ = {isa = PBXFileReference; fileEncoding = 4; lastKnownFileType = sourcecode.c.objc; path = "NSURL+MMExtended.m"; sourceTree = "<group>"; };
		45F33E35197F9B9D003542CF /* MMConstants.h */ = {isa = PBXFileReference; fileEncoding = 4; lastKnownFileType = sourcecode.c.h; path = MMConstants.h; sourceTree = "<group>"; };
		45F33E36197F9B9D003542CF /* MMConstants.m */ = {isa = PBXFileReference; fileEncoding = 4; lastKnownFileType = sourcecode.c.objc; path = MMConstants.m; sourceTree = "<group>"; };
		B3BE5677AE0A936116543715 /* Pods.debug.xcconfig */ = {isa = PBXFileReference; includeInIndex = 1; lastKnownFileType = text.xcconfig; name = Pods.debug.xcconfig; path = "Pods/Target Support Files/Pods/Pods.debug.xcconfig"; sourceTree = "<group>"; };
		D09201C97BF549F7D7017120 /* Pods.release.xcconfig */ = {isa = PBXFileReference; includeInIndex = 1; lastKnownFileType = text.xcconfig; name = Pods.release.xcconfig; path = "Pods/Target Support Files/Pods/Pods.release.xcconfig"; sourceTree = "<group>"; };
/* End PBXFileReference section */

/* Begin PBXFrameworksBuildPhase section */
		45217DF2197F7A2A00A4ECA2 /* Frameworks */ = {
			isa = PBXFrameworksBuildPhase;
			buildActionMask = 2147483647;
			files = (
				45F33E1C197F7FEB003542CF /* Crashlytics.framework in Frameworks */,
				72DDC4D54A884103B3E2A6E2 /* libPods.a in Frameworks */,
			);
			runOnlyForDeploymentPostprocessing = 0;
		};
		45217E08197F7A2B00A4ECA2 /* Frameworks */ = {
			isa = PBXFrameworksBuildPhase;
			buildActionMask = 2147483647;
			files = (
			);
			runOnlyForDeploymentPostprocessing = 0;
		};
/* End PBXFrameworksBuildPhase section */

/* Begin PBXGroup section */
		451A07921980B4AC00B4570C /* Core */ = {
			isa = PBXGroup;
			children = (
				45F33E35197F9B9D003542CF /* MMConstants.h */,
				45F33E36197F9B9D003542CF /* MMConstants.m */,
				45F33E31197F883E003542CF /* NSURL+MMExtended.h */,
				45F33E32197F883E003542CF /* NSURL+MMExtended.m */,
			);
			name = Core;
			sourceTree = "<group>";
		};
		45217DEC197F7A2A00A4ECA2 = {
			isa = PBXGroup;
			children = (
				45217DF7197F7A2A00A4ECA2 /* Morning Mantra */,
				45217E0E197F7A2B00A4ECA2 /* Morning MantraTests */,
				45217DF6197F7A2A00A4ECA2 /* Products */,
				DD7856663D934BE78555AA43 /* Frameworks */,
				E785A333B4D379D25CEBA061 /* Pods */,
			);
			sourceTree = "<group>";
		};
		45217DF6197F7A2A00A4ECA2 /* Products */ = {
			isa = PBXGroup;
			children = (
				45217DF5197F7A2A00A4ECA2 /* Morning Mantra.app */,
				45217E0B197F7A2B00A4ECA2 /* Morning MantraTests.xctest */,
			);
			name = Products;
			sourceTree = "<group>";
		};
		45217DF7197F7A2A00A4ECA2 /* Morning Mantra */ = {
			isa = PBXGroup;
			children = (
				451A07921980B4AC00B4570C /* Core */,
				45217DFC197F7A2A00A4ECA2 /* AppDelegate.h */,
				45217DFD197F7A2A00A4ECA2 /* AppDelegate.m */,
				452227C21AE5D5C300DCB0E3 /* Controllers */,
				452227C31AE5D5D800DCB0E3 /* Resources */,
				452227C41AE5D5E700DCB0E3 /* Views */,
				45217DF8197F7A2A00A4ECA2 /* Supporting Files */,
			);
			path = "Morning Mantra";
			sourceTree = "<group>";
		};
		45217DF8197F7A2A00A4ECA2 /* Supporting Files */ = {
			isa = PBXGroup;
			children = (
				45F33E1B197F7FEB003542CF /* Crashlytics.framework */,
				45217DF9197F7A2A00A4ECA2 /* Info.plist */,
				45217DFA197F7A2A00A4ECA2 /* main.m */,
			);
			name = "Supporting Files";
			sourceTree = "<group>";
		};
		45217E0E197F7A2B00A4ECA2 /* Morning MantraTests */ = {
			isa = PBXGroup;
			children = (
				45217E11197F7A2B00A4ECA2 /* Morning_MantraTests.m */,
				45217E0F197F7A2B00A4ECA2 /* Supporting Files */,
			);
			path = "Morning MantraTests";
			sourceTree = "<group>";
		};
		45217E0F197F7A2B00A4ECA2 /* Supporting Files */ = {
			isa = PBXGroup;
			children = (
				45217E10197F7A2B00A4ECA2 /* Info.plist */,
			);
			name = "Supporting Files";
			sourceTree = "<group>";
		};
		452227C21AE5D5C300DCB0E3 /* Controllers */ = {
			isa = PBXGroup;
			children = (
				45F33E2D197F8392003542CF /* MMDataStoreController.h */,
				45F33E2E197F8392003542CF /* MMDataStoreController.m */,
				452227BF1AE5D5BB00DCB0E3 /* MMNotificationController.h */,
				452227C01AE5D5BB00DCB0E3 /* MMNotificationController.m */,
			);
			name = Controllers;
			sourceTree = "<group>";
		};
		452227C31AE5D5D800DCB0E3 /* Resources */ = {
			isa = PBXGroup;
			children = (
				45217E02197F7A2A00A4ECA2 /* Main.storyboard */,
				452227BD1AE5CF6F00DCB0E3 /* MMTableViewCell.xib */,
				459AE6ED1AE486D400823097 /* Launch Screen.xib */,
				45217E05197F7A2A00A4ECA2 /* Images.xcassets */,
			);
			name = Resources;
			sourceTree = "<group>";
		};
		452227C41AE5D5E700DCB0E3 /* Views */ = {
			isa = PBXGroup;
			children = (
				4519115A19947E8E00427450 /* MMViewController.h */,
				4519115B19947E8E00427450 /* MMViewController.m */,
				459AE6EF1AE487AD00823097 /* MMTableViewCell.h */,
				459AE6F01AE487AD00823097 /* MMTableViewCell.m */,
			);
			name = Views;
			sourceTree = "<group>";
		};
		DD7856663D934BE78555AA43 /* Frameworks */ = {
			isa = PBXGroup;
			children = (
				452227B81AE5AA4A00DCB0E3 /* ParseFacebookUtilsV4.framework */,
				452227AA1AE5A8F800DCB0E3 /* Bolts.framework */,
				452227AB1AE5A8F800DCB0E3 /* Parse.framework */,
				452227AC1AE5A8F800DCB0E3 /* ParseCrashReporting.framework */,
				452227AD1AE5A8F800DCB0E3 /* ParseFacebookUtils.framework */,
				452227AE1AE5A8F800DCB0E3 /* ParseUI.framework */,
				452227A71AE59EB500DCB0E3 /* libsqlite3.dylib */,
				4522279B1AE59D4F00DCB0E3 /* FBAudienceNetwork.framework */,
				4522279C1AE59D4F00DCB0E3 /* FBSDKMessengerShareKit.framework */,
				4522279D1AE59D4F00DCB0E3 /* Bolts.framework */,
				4522279E1AE59D4F00DCB0E3 /* FBSDKCoreKit.framework */,
				4522279F1AE59D4F00DCB0E3 /* FBSDKLoginKit.framework */,
				452227A01AE59D4F00DCB0E3 /* FBSDKShareKit.framework */,
				452227991AE5934500DCB0E3 /* Social.framework */,
				452227971AE5933400DCB0E3 /* Accounts.framework */,
				450A5F6C199689BF00CC994D /* AudioToolbox.framework */,
				450A5F6D199689BF00CC994D /* CFNetwork.framework */,
				450A5F6E199689BF00CC994D /* CoreGraphics.framework */,
				450A5F6F199689BF00CC994D /* CoreLocation.framework */,
				450A5F70199689BF00CC994D /* libz.dylib */,
				450A5F71199689BF00CC994D /* MobileCoreServices.framework */,
				450A5F72199689BF00CC994D /* QuartzCore.framework */,
				450A5F73199689BF00CC994D /* Security.framework */,
				450A5F75199689BF00CC994D /* SystemConfiguration.framework */,
				450A5F6A1996896E00CC994D /* Parse.framework */,
				42D7B5EB163E479986B62F9C /* libPods.a */,
			);
			name = Frameworks;
			sourceTree = "<group>";
		};
		E785A333B4D379D25CEBA061 /* Pods */ = {
			isa = PBXGroup;
			children = (
				B3BE5677AE0A936116543715 /* Pods.debug.xcconfig */,
				D09201C97BF549F7D7017120 /* Pods.release.xcconfig */,
			);
			name = Pods;
			sourceTree = "<group>";
		};
/* End PBXGroup section */

/* Begin PBXNativeTarget section */
		45217DF4197F7A2A00A4ECA2 /* Morning Mantra */ = {
			isa = PBXNativeTarget;
			buildConfigurationList = 45217E15197F7A2B00A4ECA2 /* Build configuration list for PBXNativeTarget "Morning Mantra" */;
			buildPhases = (
				893C1115C0C54B31BC440B9C /* Check Pods Manifest.lock */,
				45217DF1197F7A2A00A4ECA2 /* Sources */,
				45217DF2197F7A2A00A4ECA2 /* Frameworks */,
				45217DF3197F7A2A00A4ECA2 /* Resources */,
				45F33E1A197F7FD1003542CF /* Install Crashlytics */,
				DF5703A1214A47BD93D95DC0 /* Copy Pods Resources */,
			);
			buildRules = (
			);
			dependencies = (
			);
			name = "Morning Mantra";
			productName = "Morning Mantra";
			productReference = 45217DF5197F7A2A00A4ECA2 /* Morning Mantra.app */;
			productType = "com.apple.product-type.application";
		};
		45217E0A197F7A2B00A4ECA2 /* Morning MantraTests */ = {
			isa = PBXNativeTarget;
			buildConfigurationList = 45217E18197F7A2B00A4ECA2 /* Build configuration list for PBXNativeTarget "Morning MantraTests" */;
			buildPhases = (
				45217E07197F7A2B00A4ECA2 /* Sources */,
				45217E08197F7A2B00A4ECA2 /* Frameworks */,
				45217E09197F7A2B00A4ECA2 /* Resources */,
			);
			buildRules = (
			);
			dependencies = (
				45217E0D197F7A2B00A4ECA2 /* PBXTargetDependency */,
			);
			name = "Morning MantraTests";
			productName = "Morning MantraTests";
			productReference = 45217E0B197F7A2B00A4ECA2 /* Morning MantraTests.xctest */;
			productType = "com.apple.product-type.bundle.unit-test";
		};
/* End PBXNativeTarget section */

/* Begin PBXProject section */
		45217DED197F7A2A00A4ECA2 /* Project object */ = {
			isa = PBXProject;
			attributes = {
				LastUpgradeCheck = 0600;
				ORGANIZATIONNAME = "Knot Labs";
				TargetAttributes = {
					45217DF4197F7A2A00A4ECA2 = {
						CreatedOnToolsVersion = 6.0;
						DevelopmentTeam = YWKER65N63;
						SystemCapabilities = {
							com.apple.InAppPurchase = {
								enabled = 0;
							};
							com.apple.OMC = {
								enabled = 0;
							};
						};
					};
					45217E0A197F7A2B00A4ECA2 = {
						CreatedOnToolsVersion = 6.0;
						TestTargetID = 45217DF4197F7A2A00A4ECA2;
					};
				};
			};
			buildConfigurationList = 45217DF0197F7A2A00A4ECA2 /* Build configuration list for PBXProject "Morning Mantra" */;
			compatibilityVersion = "Xcode 3.2";
			developmentRegion = English;
			hasScannedForEncodings = 0;
			knownRegions = (
				en,
				Base,
			);
			mainGroup = 45217DEC197F7A2A00A4ECA2;
			productRefGroup = 45217DF6197F7A2A00A4ECA2 /* Products */;
			projectDirPath = "";
			projectRoot = "";
			targets = (
				45217DF4197F7A2A00A4ECA2 /* Morning Mantra */,
				45217E0A197F7A2B00A4ECA2 /* Morning MantraTests */,
			);
		};
/* End PBXProject section */

/* Begin PBXResourcesBuildPhase section */
		45217DF3197F7A2A00A4ECA2 /* Resources */ = {
			isa = PBXResourcesBuildPhase;
			buildActionMask = 2147483647;
			files = (
				45217E04197F7A2A00A4ECA2 /* Main.storyboard in Resources */,
				452227BE1AE5CF6F00DCB0E3 /* MMTableViewCell.xib in Resources */,
				459AE6EE1AE486D400823097 /* Launch Screen.xib in Resources */,
				45217E06197F7A2A00A4ECA2 /* Images.xcassets in Resources */,
			);
			runOnlyForDeploymentPostprocessing = 0;
		};
		45217E09197F7A2B00A4ECA2 /* Resources */ = {
			isa = PBXResourcesBuildPhase;
			buildActionMask = 2147483647;
			files = (
			);
			runOnlyForDeploymentPostprocessing = 0;
		};
/* End PBXResourcesBuildPhase section */

/* Begin PBXShellScriptBuildPhase section */
		45F33E1A197F7FD1003542CF /* Install Crashlytics */ = {
			isa = PBXShellScriptBuildPhase;
			buildActionMask = 2147483647;
			files = (
			);
			inputPaths = (
			);
			name = "Install Crashlytics";
			outputPaths = (
			);
			runOnlyForDeploymentPostprocessing = 0;
			shellPath = /bin/sh;
			shellScript = "./Crashlytics.framework/run 36aebc5d6093c8a7cc64fae3d769bf41933d7919 216458b4f171c912dd83c54e976d100f7fe247d329693e1b32de3c10e1740bb1";
		};
		893C1115C0C54B31BC440B9C /* Check Pods Manifest.lock */ = {
			isa = PBXShellScriptBuildPhase;
			buildActionMask = 2147483647;
			files = (
			);
			inputPaths = (
			);
			name = "Check Pods Manifest.lock";
			outputPaths = (
			);
			runOnlyForDeploymentPostprocessing = 0;
			shellPath = /bin/sh;
			shellScript = "diff \"${PODS_ROOT}/../Podfile.lock\" \"${PODS_ROOT}/Manifest.lock\" > /dev/null\nif [[ $? != 0 ]] ; then\n    cat << EOM\nerror: The sandbox is not in sync with the Podfile.lock. Run 'pod install' or update your CocoaPods installation.\nEOM\n    exit 1\nfi\n";
			showEnvVarsInLog = 0;
		};
		DF5703A1214A47BD93D95DC0 /* Copy Pods Resources */ = {
			isa = PBXShellScriptBuildPhase;
			buildActionMask = 2147483647;
			files = (
			);
			inputPaths = (
			);
			name = "Copy Pods Resources";
			outputPaths = (
			);
			runOnlyForDeploymentPostprocessing = 0;
			shellPath = /bin/sh;
			shellScript = "\"${SRCROOT}/Pods/Target Support Files/Pods/Pods-resources.sh\"\n";
			showEnvVarsInLog = 0;
		};
/* End PBXShellScriptBuildPhase section */

/* Begin PBXSourcesBuildPhase section */
		45217DF1197F7A2A00A4ECA2 /* Sources */ = {
			isa = PBXSourcesBuildPhase;
			buildActionMask = 2147483647;
			files = (
				45F33E33197F883E003542CF /* NSURL+MMExtended.m in Sources */,
				45217DFE197F7A2A00A4ECA2 /* AppDelegate.m in Sources */,
				452227C11AE5D5BB00DCB0E3 /* MMNotificationController.m in Sources */,
				45217DFB197F7A2A00A4ECA2 /* main.m in Sources */,
				45F33E2F197F8392003542CF /* MMDataStoreController.m in Sources */,
				45F33E37197F9B9D003542CF /* MMConstants.m in Sources */,
				4519115C19947E8E00427450 /* MMViewController.m in Sources */,
				459AE6F11AE487AD00823097 /* MMTableViewCell.m in Sources */,
			);
			runOnlyForDeploymentPostprocessing = 0;
		};
		45217E07197F7A2B00A4ECA2 /* Sources */ = {
			isa = PBXSourcesBuildPhase;
			buildActionMask = 2147483647;
			files = (
				4519115D19947E8E00427450 /* MMViewController.m in Sources */,
				45217E12197F7A2B00A4ECA2 /* Morning_MantraTests.m in Sources */,
				45F33E30197F8392003542CF /* MMDataStoreController.m in Sources */,
				45F33E34197F883E003542CF /* NSURL+MMExtended.m in Sources */,
			);
			runOnlyForDeploymentPostprocessing = 0;
		};
/* End PBXSourcesBuildPhase section */

/* Begin PBXTargetDependency section */
		45217E0D197F7A2B00A4ECA2 /* PBXTargetDependency */ = {
			isa = PBXTargetDependency;
			target = 45217DF4197F7A2A00A4ECA2 /* Morning Mantra */;
			targetProxy = 45217E0C197F7A2B00A4ECA2 /* PBXContainerItemProxy */;
		};
/* End PBXTargetDependency section */

/* Begin PBXVariantGroup section */
		45217E02197F7A2A00A4ECA2 /* Main.storyboard */ = {
			isa = PBXVariantGroup;
			children = (
				45217E03197F7A2A00A4ECA2 /* Base */,
			);
			name = Main.storyboard;
			sourceTree = "<group>";
		};
/* End PBXVariantGroup section */

/* Begin XCBuildConfiguration section */
		45217E13197F7A2B00A4ECA2 /* Debug */ = {
			isa = XCBuildConfiguration;
			buildSettings = {
				ALWAYS_SEARCH_USER_PATHS = NO;
				CLANG_CXX_LANGUAGE_STANDARD = "gnu++0x";
				CLANG_CXX_LIBRARY = "libc++";
				CLANG_ENABLE_MODULES = YES;
				CLANG_ENABLE_OBJC_ARC = YES;
				CLANG_WARN_BOOL_CONVERSION = YES;
				CLANG_WARN_CONSTANT_CONVERSION = YES;
				CLANG_WARN_DIRECT_OBJC_ISA_USAGE = YES_ERROR;
				CLANG_WARN_EMPTY_BODY = YES;
				CLANG_WARN_ENUM_CONVERSION = YES;
				CLANG_WARN_INT_CONVERSION = YES;
				CLANG_WARN_OBJC_ROOT_CLASS = YES_ERROR;
				CLANG_WARN_UNREACHABLE_CODE = YES;
				CLANG_WARN__DUPLICATE_METHOD_MATCH = YES;
				"CODE_SIGN_IDENTITY[sdk=iphoneos*]" = "iPhone Developer";
				COPY_PHASE_STRIP = NO;
				ENABLE_STRICT_OBJC_MSGSEND = YES;
				GCC_C_LANGUAGE_STANDARD = gnu99;
				GCC_DYNAMIC_NO_PIC = NO;
				GCC_OPTIMIZATION_LEVEL = 0;
				GCC_PREPROCESSOR_DEFINITIONS = (
					"DEBUG=1",
					"$(inherited)",
				);
				GCC_SYMBOLS_PRIVATE_EXTERN = NO;
				GCC_WARN_64_TO_32_BIT_CONVERSION = YES;
				GCC_WARN_ABOUT_RETURN_TYPE = YES_ERROR;
				GCC_WARN_UNDECLARED_SELECTOR = YES;
				GCC_WARN_UNINITIALIZED_AUTOS = YES_AGGRESSIVE;
				GCC_WARN_UNUSED_FUNCTION = YES;
				GCC_WARN_UNUSED_VARIABLE = YES;
				IPHONEOS_DEPLOYMENT_TARGET = 8.0;
				MTL_ENABLE_DEBUG_INFO = YES;
				ONLY_ACTIVE_ARCH = YES;
				SDKROOT = iphoneos;
				TARGETED_DEVICE_FAMILY = "1,2";
			};
			name = Debug;
		};
		45217E14197F7A2B00A4ECA2 /* Release */ = {
			isa = XCBuildConfiguration;
			buildSettings = {
				ALWAYS_SEARCH_USER_PATHS = NO;
				CLANG_CXX_LANGUAGE_STANDARD = "gnu++0x";
				CLANG_CXX_LIBRARY = "libc++";
				CLANG_ENABLE_MODULES = YES;
				CLANG_ENABLE_OBJC_ARC = YES;
				CLANG_WARN_BOOL_CONVERSION = YES;
				CLANG_WARN_CONSTANT_CONVERSION = YES;
				CLANG_WARN_DIRECT_OBJC_ISA_USAGE = YES_ERROR;
				CLANG_WARN_EMPTY_BODY = YES;
				CLANG_WARN_ENUM_CONVERSION = YES;
				CLANG_WARN_INT_CONVERSION = YES;
				CLANG_WARN_OBJC_ROOT_CLASS = YES_ERROR;
				CLANG_WARN_UNREACHABLE_CODE = YES;
				CLANG_WARN__DUPLICATE_METHOD_MATCH = YES;
				"CODE_SIGN_IDENTITY[sdk=iphoneos*]" = "iPhone Developer";
				COPY_PHASE_STRIP = YES;
				ENABLE_NS_ASSERTIONS = NO;
				ENABLE_STRICT_OBJC_MSGSEND = YES;
				GCC_C_LANGUAGE_STANDARD = gnu99;
				GCC_WARN_64_TO_32_BIT_CONVERSION = YES;
				GCC_WARN_ABOUT_RETURN_TYPE = YES_ERROR;
				GCC_WARN_UNDECLARED_SELECTOR = YES;
				GCC_WARN_UNINITIALIZED_AUTOS = YES_AGGRESSIVE;
				GCC_WARN_UNUSED_FUNCTION = YES;
				GCC_WARN_UNUSED_VARIABLE = YES;
				IPHONEOS_DEPLOYMENT_TARGET = 8.0;
				MTL_ENABLE_DEBUG_INFO = NO;
				SDKROOT = iphoneos;
				TARGETED_DEVICE_FAMILY = "1,2";
				VALIDATE_PRODUCT = YES;
			};
			name = Release;
		};
		45217E16197F7A2B00A4ECA2 /* Debug */ = {
			isa = XCBuildConfiguration;
			baseConfigurationReference = B3BE5677AE0A936116543715 /* Pods.debug.xcconfig */;
			buildSettings = {
				ASSETCATALOG_COMPILER_APPICON_NAME = AppIcon;
				CODE_SIGN_ENTITLEMENTS = "";
				CODE_SIGN_IDENTITY = "iPhone Developer";
				"CODE_SIGN_IDENTITY[sdk=iphoneos*]" = "iPhone Developer";
				FRAMEWORK_SEARCH_PATHS = (
					"$(inherited)",
					"$(PROJECT_DIR)",
				);
				INFOPLIST_FILE = "Morning Mantra/Info.plist";
				IPHONEOS_DEPLOYMENT_TARGET = 8.3;
				LD_RUNPATH_SEARCH_PATHS = "$(inherited) @executable_path/Frameworks";
				OTHER_LDFLAGS = (
					"$(inherited)",
					"-l\"Pods-UIAlertView-Blocks\"",
				);
				PRODUCT_NAME = "$(TARGET_NAME)";
				PROVISIONING_PROFILE = "";
			};
			name = Debug;
		};
		45217E17197F7A2B00A4ECA2 /* Release */ = {
			isa = XCBuildConfiguration;
			baseConfigurationReference = D09201C97BF549F7D7017120 /* Pods.release.xcconfig */;
			buildSettings = {
				ASSETCATALOG_COMPILER_APPICON_NAME = AppIcon;
				CODE_SIGN_ENTITLEMENTS = "";
				CODE_SIGN_IDENTITY = "iPhone Developer";
				"CODE_SIGN_IDENTITY[sdk=iphoneos*]" = "iPhone Developer";
				FRAMEWORK_SEARCH_PATHS = (
					"$(inherited)",
					"$(PROJECT_DIR)",
				);
				INFOPLIST_FILE = "Morning Mantra/Info.plist";
				IPHONEOS_DEPLOYMENT_TARGET = 8.3;
				LD_RUNPATH_SEARCH_PATHS = "$(inherited) @executable_path/Frameworks";
				OTHER_LDFLAGS = (
					"$(inherited)",
					"-l\"Pods-UIAlertView-Blocks\"",
				);
				PRODUCT_NAME = "$(TARGET_NAME)";
				PROVISIONING_PROFILE = "";
			};
			name = Release;
		};
		45217E19197F7A2B00A4ECA2 /* Debug */ = {
			isa = XCBuildConfiguration;
			buildSettings = {
				BUNDLE_LOADER = "$(BUILT_PRODUCTS_DIR)/Morning Mantra.app/Morning Mantra";
				FRAMEWORK_SEARCH_PATHS = (
					"$(SDKROOT)/Developer/Library/Frameworks",
					"$(inherited)",
				);
				GCC_PREPROCESSOR_DEFINITIONS = (
					"DEBUG=1",
					"$(inherited)",
				);
				INFOPLIST_FILE = "Morning MantraTests/Info.plist";
				IPHONEOS_DEPLOYMENT_TARGET = 7.1;
				LD_RUNPATH_SEARCH_PATHS = "$(inherited) @executable_path/Frameworks @loader_path/Frameworks";
				PRODUCT_NAME = "$(TARGET_NAME)";
				TEST_HOST = "$(BUNDLE_LOADER)";
			};
			name = Debug;
		};
		45217E1A197F7A2B00A4ECA2 /* Release */ = {
			isa = XCBuildConfiguration;
			buildSettings = {
				BUNDLE_LOADER = "$(BUILT_PRODUCTS_DIR)/Morning Mantra.app/Morning Mantra";
				FRAMEWORK_SEARCH_PATHS = (
					"$(SDKROOT)/Developer/Library/Frameworks",
					"$(inherited)",
				);
				INFOPLIST_FILE = "Morning MantraTests/Info.plist";
				IPHONEOS_DEPLOYMENT_TARGET = 7.1;
				LD_RUNPATH_SEARCH_PATHS = "$(inherited) @executable_path/Frameworks @loader_path/Frameworks";
				PRODUCT_NAME = "$(TARGET_NAME)";
				TEST_HOST = "$(BUNDLE_LOADER)";
			};
			name = Release;
		};
/* End XCBuildConfiguration section */

/* Begin XCConfigurationList section */
		45217DF0197F7A2A00A4ECA2 /* Build configuration list for PBXProject "Morning Mantra" */ = {
			isa = XCConfigurationList;
			buildConfigurations = (
				45217E13197F7A2B00A4ECA2 /* Debug */,
				45217E14197F7A2B00A4ECA2 /* Release */,
			);
			defaultConfigurationIsVisible = 0;
			defaultConfigurationName = Release;
		};
		45217E15197F7A2B00A4ECA2 /* Build configuration list for PBXNativeTarget "Morning Mantra" */ = {
			isa = XCConfigurationList;
			buildConfigurations = (
				45217E16197F7A2B00A4ECA2 /* Debug */,
				45217E17197F7A2B00A4ECA2 /* Release */,
			);
			defaultConfigurationIsVisible = 0;
			defaultConfigurationName = Release;
		};
		45217E18197F7A2B00A4ECA2 /* Build configuration list for PBXNativeTarget "Morning MantraTests" */ = {
			isa = XCConfigurationList;
			buildConfigurations = (
				45217E19197F7A2B00A4ECA2 /* Debug */,
				45217E1A197F7A2B00A4ECA2 /* Release */,
			);
			defaultConfigurationIsVisible = 0;
			defaultConfigurationName = Release;
		};
/* End XCConfigurationList section */
	};
	rootObject = 45217DED197F7A2A00A4ECA2 /* Project object */;
}
